{
    "_readme": [
        "This file locks the dependencies of your project to a known state",
        "Read more about it at https://getcomposer.org/doc/01-basic-usage.md#installing-dependencies",
        "This file is @generated automatically"
    ],
    "content-hash": "a73925b74d4e9ed0d11bdc5441a9a6a5",
    "packages": [
        {
            "name": "smsgatewayme/client",
            "version": "v0.0.1",
            "source": {
                "type": "git",
                "url": "https://github.com/smsgatewayme/client-php.git",
                "reference": "864f326ad6951599b487aab3cc350a966c5cbd86"
            },
            "require": {
                "ext-curl": "*",
                "ext-json": "*",
                "ext-mbstring": "*",
                "php": ">=5.3.3"
            },
            "require-dev": {
                "phpunit/phpunit": "~4.0",
                "satooshi/php-coveralls": "~0.6.1",
                "squizlabs/php_codesniffer": "~2.0"
            },
            "type": "library",
            "autoload": {
                "psr-4": {
                    "SMSGatewayMe\\Client\\": "lib/"
                }
            },
            "license": [
                "Apache v2"
            ],
            "authors": [
                {
                    "name": "SMS Gateway Me",
                    "homepage": "https://smsgateway.me"
                }
            ],
            "homepage": "https://smsgateway.me",
            "keywords": [
                "api",
                "php",
                "sdk",
                "swagger"
            ],
            "time": "2018-05-16T00:07:48+00:00"
        }
    ],
    "packages-dev": [],
    "aliases": [],
    "minimum-stability": "stable",
    "stability-flags": [],
    "prefer-stable": false,
    "prefer-lowest": false,
    "platform": [],
    "platform-dev": []
}
